// !$*UTF8*$!
{
	archiveVersion = 1;
	classes = {
	};
	objectVersion = 56;
	objects = {

/* Begin PBXBuildFile section */
		AA000001 /* NexusHubApp.swift in Sources */ = {isa = PBXBuildFile; fileRef = AB000001 /* NexusHubApp.swift */; };
		AA000002 /* AppState.swift in Sources */ = {isa = PBXBuildFile; fileRef = AB000002 /* AppState.swift */; };
		AA000003 /* RootView.swift in Sources */ = {isa = PBXBuildFile; fileRef = AB000003 /* RootView.swift */; };
		AA000004 /* CanvasModels.swift in Sources */ = {isa = PBXBuildFile; fileRef = AB000004 /* CanvasModels.swift */; };
		AA000005 /* CalendarModels.swift in Sources */ = {isa = PBXBuildFile; fileRef = AB000005 /* CalendarModels.swift */; };
		AA000006 /* MailModels.swift in Sources */ = {isa = PBXBuildFile; fileRef = AB000006 /* MailModels.swift */; };
		AA000007 /* ReminderModels.swift in Sources */ = {isa = PBXBuildFile; fileRef = AB000007 /* ReminderModels.swift */; };
		AA000008 /* MockDataService.swift in Sources */ = {isa = PBXBuildFile; fileRef = AB000008 /* MockDataService.swift */; };
		AA000009 /* HubViewModel.swift in Sources */ = {isa = PBXBuildFile; fileRef = AB000009 /* HubViewModel.swift */; };
		AA000010 /* DashboardView.swift in Sources */ = {isa = PBXBuildFile; fileRef = AB000010 /* DashboardView.swift */; };
		AA000011 /* CanvasView.swift in Sources */ = {isa = PBXBuildFile; fileRef = AB000011 /* CanvasView.swift */; };
		AA000012 /* MailView.swift in Sources */ = {isa = PBXBuildFile; fileRef = AB000012 /* MailView.swift */; };
		AA000013 /* CalendarView.swift in Sources */ = {isa = PBXBuildFile; fileRef = AB000013 /* CalendarView.swift */; };
		AA000014 /* RemindersView.swift in Sources */ = {isa = PBXBuildFile; fileRef = AB000014 /* RemindersView.swift */; };
		AA000015 /* GlassCard.swift in Sources */ = {isa = PBXBuildFile; fileRef = AB000015 /* GlassCard.swift */; };
/* End PBXBuildFile section */

/* Begin PBXFileReference section */
		AB000001 /* NexusHubApp.swift */ = {isa = PBXFileReference; lastKnownFileType = sourcecode.swift; path = NexusHubApp.swift; sourceTree = "<group>"; };
		AB000002 /* AppState.swift */ = {isa = PBXFileReference; lastKnownFileType = sourcecode.swift; path = AppState.swift; sourceTree = "<group>"; };
		AB000003 /* RootView.swift */ = {isa = PBXFileReference; lastKnownFileType = sourcecode.swift; path = RootView.swift; sourceTree = "<group>"; };
		AB000004 /* CanvasModels.swift */ = {isa = PBXFileReference; lastKnownFileType = sourcecode.swift; path = CanvasModels.swift; sourceTree = "<group>"; };
		AB000005 /* CalendarModels.swift */ = {isa = PBXFileReference; lastKnownFileType = sourcecode.swift; path = CalendarModels.swift; sourceTree = "<group>"; };
		AB000006 /* MailModels.swift */ = {isa = PBXFileReference; lastKnownFileType = sourcecode.swift; path = MailModels.swift; sourceTree = "<group>"; };
		AB000007 /* ReminderModels.swift */ = {isa = PBXFileReference; lastKnownFileType = sourcecode.swift; path = ReminderModels.swift; sourceTree = "<group>"; };
		AB000008 /* MockDataService.swift */ = {isa = PBXFileReference; lastKnownFileType = sourcecode.swift; path = MockDataService.swift; sourceTree = "<group>"; };
		AB000009 /* HubViewModel.swift */ = {isa = PBXFileReference; lastKnownFileType = sourcecode.swift; path = HubViewModel.swift; sourceTree = "<group>"; };
		AB000010 /* DashboardView.swift */ = {isa = PBXFileReference; lastKnownFileType = sourcecode.swift; path = DashboardView.swift; sourceTree = "<group>"; };
		AB000011 /* CanvasView.swift */ = {isa = PBXFileReference; lastKnownFileType = sourcecode.swift; path = CanvasView.swift; sourceTree = "<group>"; };
		AB000012 /* MailView.swift */ = {isa = PBXFileReference; lastKnownFileType = sourcecode.swift; path = MailView.swift; sourceTree = "<group>"; };
		AB000013 /* CalendarView.swift */ = {isa = PBXFileReference; lastKnownFileType = sourcecode.swift; path = CalendarView.swift; sourceTree = "<group>"; };
		AB000014 /* RemindersView.swift */ = {isa = PBXFileReference; lastKnownFileType = sourcecode.swift; path = RemindersView.swift; sourceTree = "<group>"; };
		AB000015 /* GlassCard.swift */ = {isa = PBXFileReference; lastKnownFileType = sourcecode.swift; path = GlassCard.swift; sourceTree = "<group>"; };
		AB000016 /* NexusHub.app */ = {isa = PBXFileReference; explicitFileType = wrapper.application; includeInIndex = 0; path = NexusHub.app; sourceTree = BUILT_PRODUCTS_DIR; };
		AB000017 /* Info.plist */ = {isa = PBXFileReference; lastKnownFileType = text.plist.xml; path = Info.plist; sourceTree = "<group>"; };
		AB000018 /* NexusHub.entitlements */ = {isa = PBXFileReference; lastKnownFileType = text.plist.entitlements; path = NexusHub.entitlements; sourceTree = "<group>"; };
/* End PBXFileReference section */

/* Begin PBXFrameworksBuildPhase section */
		AC000001 /* Frameworks */ = {
			isa = PBXFrameworksBuildPhase;
			buildActionMask = 2147483647;
			files = (
			);
			runOnlyForDeploymentPostprocessing = 0;
		};
/* End PBXFrameworksBuildPhase section */

/* Begin PBXGroup section */
		AD000001 /* Products */ = {
			isa = PBXGroup;
			children = (
				AB000016 /* NexusHub.app */,
			);
			name = Products;
			sourceTree = "<group>";
		};
		AD000002 /* NexusHub */ = {
			isa = PBXGroup;
			children = (
				AD000010 /* App */,
				AD000011 /* Models */,
				AD000012 /* ViewModels */,
				AD000013 /* Services */,
				AD000014 /* Views */,
				AB000017 /* Info.plist */,
				AB000018 /* NexusHub.entitlements */,
			);
			path = NexusHub;
			sourceTree = "<group>";
		};
		AD000010 /* App */ = {
			isa = PBXGroup;
			children = (
				AB000001 /* NexusHubApp.swift */,
				AB000002 /* AppState.swift */,
				AB000003 /* RootView.swift */,
			);
			path = Sources/App;
			sourceTree = "<group>";
		};
		AD000011 /* Models */ = {
			isa = PBXGroup;
			children = (
				AB000004 /* CanvasModels.swift */,
				AB000005 /* CalendarModels.swift */,
				AB000006 /* MailModels.swift */,
				AB000007 /* ReminderModels.swift */,
			);
			path = Sources/Models;
			sourceTree = "<group>";
		};
		AD000012 /* ViewModels */ = {
			isa = PBXGroup;
			children = (
				AB000009 /* HubViewModel.swift */,
			);
			path = Sources/ViewModels;
			sourceTree = "<group>";
		};
		AD000013 /* Services */ = {
			isa = PBXGroup;
			children = (
				AB000008 /* MockDataService.swift */,
			);
			path = Sources/Services;
			sourceTree = "<group>";
		};
		AD000014 /* Views */ = {
			isa = PBXGroup;
			children = (
				AD000020 /* Dashboard */,
				AD000021 /* Canvas */,
				AD000022 /* Mail */,
				AD000023 /* Calendar */,
				AD000024 /* Reminders */,
				AD000025 /* Components */,
			);
			path = Sources/Views;
			sourceTree = "<group>";
		};
		AD000020 /* Dashboard */ = {
			isa = PBXGroup;
			children = (
				AB000010 /* DashboardView.swift */,
			);
			path = Dashboard;
			sourceTree = "<group>";
		};
		AD000021 /* Canvas */ = {
			isa = PBXGroup;
			children = (
				AB000011 /* CanvasView.swift */,
			);
			path = Canvas;
			sourceTree = "<group>";
		};
		AD000022 /* Mail */ = {
			isa = PBXGroup;
			children = (
				AB000012 /* MailView.swift */,
			);
			path = Mail;
			sourceTree = "<group>";
		};
		AD000023 /* Calendar */ = {
			isa = PBXGroup;
			children = (
				AB000013 /* CalendarView.swift */,
			);
			path = Calendar;
			sourceTree = "<group>";
		};
		AD000024 /* Reminders */ = {
			isa = PBXGroup;
			children = (
				AB000014 /* RemindersView.swift */,
			);
			path = Reminders;
			sourceTree = "<group>";
		};
		AD000025 /* Components */ = {
			isa = PBXGroup;
			children = (
				AB000015 /* GlassCard.swift */,
			);
			path = Components;
			sourceTree = "<group>";
		};
		AE000001 /* root */ = {
			isa = PBXGroup;
			children = (
				AD000002 /* NexusHub */,
				AD000001 /* Products */,
			);
			sourceTree = "<group>";
		};
/* End PBXGroup section */

/* Begin PBXNativeTarget section */
		AF000001 /* NexusHub */ = {
			isa = PBXNativeTarget;
			buildConfigurationList = BA000002 /* Build configuration list for PBXNativeTarget "NexusHub" */;
			buildPhases = (
				AC000001 /* Frameworks */,
				AC000002 /* Sources */,
				AC000003 /* Resources */,
			);
			buildRules = (
			);
			dependencies = (
			);
			name = NexusHub;
			productName = NexusHub;
			productReference = AB000016 /* NexusHub.app */;
			productType = "com.apple.product-type.application";
		};
/* End PBXNativeTarget section */

/* Begin PBXProject section */
		AF000002 /* Project object */ = {
			isa = PBXProject;
			attributes = {
				BuildIndependentTargetsInParallel = 1;
				LastSwiftUpdateCheck = 1540;
				LastUpgradeCheck = 1540;
				TargetAttributes = {
					AF000001 = {
						CreatedOnToolsVersion = 15.4;
					};
				};
			};
			buildConfigurationList = BA000001 /* Build configuration list for PBXProject "NexusHub" */;
			compatibilityVersion = "Xcode 14.0";
			developmentRegion = en;
			hasScannedForEncodings = 0;
			knownRegions = (
				en,
				Base,
			);
			mainGroup = AE000001;
			productRefGroup = AD000001 /* Products */;
			projectDirPath = "";
			projectRoot = "";
			targets = (
				AF000001 /* NexusHub */,
			);
		};
/* End PBXProject section */

/* Begin PBXResourcesBuildPhase section */
		AC000003 /* Resources */ = {
			isa = PBXResourcesBuildPhase;
			buildActionMask = 2147483647;
			files = (
			);
			runOnlyForDeploymentPostprocessing = 0;
		};
/* End PBXResourcesBuildPhase section */

/* Begin PBXSourcesBuildPhase section */
		AC000002 /* Sources */ = {
			isa = PBXSourcesBuildPhase;
			buildActionMask = 2147483647;
			files = (
				AA000001 /* NexusHubApp.swift in Sources */,
				AA000002 /* AppState.swift in Sources */,
				AA000003 /* RootView.swift in Sources */,
				AA000004 /* CanvasModels.swift in Sources */,
				AA000005 /* CalendarModels.swift in Sources */,
				AA000006 /* MailModels.swift in Sources */,
				AA000007 /* ReminderModels.swift in Sources */,
				AA000008 /* MockDataService.swift in Sources */,
				AA000009 /* HubViewModel.swift in Sources */,
				AA000010 /* DashboardView.swift in Sources */,
				AA000011 /* CanvasView.swift in Sources */,
				AA000012 /* MailView.swift in Sources */,
				AA000013 /* CalendarView.swift in Sources */,
				AA000014 /* RemindersView.swift in Sources */,
				AA000015 /* GlassCard.swift in Sources */,
			);
			runOnlyForDeploymentPostprocessing = 0;
		};
/* End PBXSourcesBuildPhase section */

/* Begin XCBuildConfiguration section */
		BA000003 /* Debug */ = {
			isa = XCBuildConfiguration;
			buildSettings = {
				ALWAYS_SEARCH_USER_PATHS = NO;
				ASSETCATALOG_COMPILER_GENERATE_SWIFT_ASSET_SYMBOL_EXTENSIONS = YES;
				CLANG_ANALYZER_NONNULL = YES;
				CLANG_ANALYZER_NUMBER_OBJECT_CONVERSION = YES_AGGRESSIVE;
				CLANG_CXX_LANGUAGE_STANDARD = "gnu++20";
				CLANG_ENABLE_MODULES = YES;
				CLANG_ENABLE_OBJC_ARC = YES;
				CLANG_ENABLE_OBJC_WEAK = YES;
				CLANG_WARN_BLOCK_CAPTURE_AUTORELEASING = YES;
				CLANG_WARN_BOOL_CONVERSION = YES;
				CLANG_WARN_COMMA = YES;
				CLANG_WARN_CONSTANT_CONVERSION = YES;
				CLANG_WARN_DEPRECATED_OBJC_IMPLEMENTATIONS = YES;
				CLANG_WARN_DIRECT_OBJC_ISA_USAGE = YES_ERROR;
				CLANG_WARN_DOCUMENTATION_COMMENTS = YES;
				CLANG_WARN_EMPTY_BODY = YES;
				CLANG_WARN_ENUM_CONVERSION = YES;
				CLANG_WARN_INFINITE_RECURSION = YES;
				CLANG_WARN_INT_CONVERSION = YES;
				CLANG_WARN_NON_LITERAL_NULL_CONVERSION = YES;
				CLANG_WARN_OBJC_IMPLICIT_RETAIN_SELF = YES;
				CLANG_WARN_OBJC_LITERAL_CONVERSION = YES;
				CLANG_WARN_OBJC_ROOT_CLASS = YES_ERROR;
				CLANG_WARN_QUOTED_INCLUDE_IN_FRAMEWORK_HEADER = YES;
				CLANG_WARN_RANGE_LOOP_ANALYSIS = YES;
				CLANG_WARN_STRICT_PROTOTYPES = YES;
				CLANG_WARN_SUSPICIOUS_MOVE = YES;
				CLANG_WARN_UNGUARDED_AVAILABILITY = YES_AGGRESSIVE;
				CLANG_WARN_UNREACHABLE_CODE = YES;
				CLANG_WARN__DUPLICATE_METHOD_MATCH = YES;
				COPY_PHASE_STRIP = NO;
				DEBUG_INFORMATION_FORMAT = dwarf;
				ENABLE_STRICT_OBJC_MSGSEND = YES;
				ENABLE_TESTABILITY = YES;
				ENABLE_USER_SCRIPT_SANDBOXING = YES;
				GCC_C_LANGUAGE_STANDARD = gnu17;
				GCC_DYNAMIC_NO_PIC = NO;
				GCC_NO_COMMON_BLOCKS = YES;
				GCC_OPTIMIZATION_LEVEL = 0;
				GCC_PREPROCESSOR_DEFINITIONS = (
					"DEBUG=1",
					"$(inherited)",
				);
				GCC_WARN_64_TO_32_BIT_CONVERSION = YES;
				GCC_WARN_ABOUT_RETURN_TYPE = YES_ERROR;
				GCC_WARN_UNDECLARED_SELECTOR = YES;
				GCC_WARN_UNINITIALIZED_AUTOS = YES_AGGRESSIVE;
				GCC_WARN_UNUSED_FUNCTION = YES;
				GCC_WARN_UNUSED_VARIABLE = YES;
				IPHONEOS_DEPLOYMENT_TARGET = 17.0;
				MTL_ENABLE_DEBUG_INFO = INCLUDE_SOURCE;
				MTL_FAST_MATH = YES;
				ONLY_ACTIVE_ARCH = YES;
				SDKROOT = iphoneos;
				SWIFT_ACTIVE_COMPILATION_CONDITIONS = "DEBUG $(inherited)";
				SWIFT_OPTIMIZATION_LEVEL = "-Onone";
			};
			name = Debug;
		};
		BA000004 /* Release */ = {
			isa = XCBuildConfiguration;
			buildSettings = {
				ALWAYS_SEARCH_USER_PATHS = NO;
				ASSETCATALOG_COMPILER_GENERATE_SWIFT_ASSET_SYMBOL_EXTENSIONS = YES;
				CLANG_ANALYZER_NONNULL = YES;
				CLANG_ANALYZER_NUMBER_OBJECT_CONVERSION = YES_AGGRESSIVE;
				CLANG_CXX_LANGUAGE_STANDARD = "gnu++20";
				CLANG_ENABLE_MODULES = YES;
				CLANG_ENABLE_OBJC_ARC = YES;
				CLANG_ENABLE_OBJC_WEAK = YES;
				CLANG_WARN_BLOCK_CAPTURE_AUTORELEASING = YES;
				CLANG_WARN_BOOL_CONVERSION = YES;
				CLANG_WARN_COMMA = YES;
				CLANG_WARN_CONSTANT_CONVERSION = YES;
				CLANG_WARN_DEPRECATED_OBJC_IMPLEMENTATIONS = YES;
				CLANG_WARN_DIRECT_OBJC_ISA_USAGE = YES_ERROR;
				CLANG_WARN_DOCUMENTATION_COMMENTS = YES;
				CLANG_WARN_EMPTY_BODY = YES;
				CLANG_WARN_ENUM_CONVERSION = YES;
				CLANG_WARN_INFINITE_RECURSION = YES;
				CLANG_WARN_INT_CONVERSION = YES;
				CLANG_WARN_NON_LITERAL_NULL_CONVERSION = YES;
				CLANG_WARN_OBJC_IMPLICIT_RETAIN_SELF = YES;
				CLANG_WARN_OBJC_LITERAL_CONVERSION = YES;
				CLANG_WARN_OBJC_ROOT_CLASS = YES_ERROR;
				CLANG_WARN_QUOTED_INCLUDE_IN_FRAMEWORK_HEADER = YES;
				CLANG_WARN_RANGE_LOOP_ANALYSIS = YES;
				CLANG_WARN_STRICT_PROTOTYPES = YES;
				CLANG_WARN_SUSPICIOUS_MOVE = YES;
				CLANG_WARN_UNGUARDED_AVAILABILITY = YES_AGGRESSIVE;
				CLANG_WARN_UNREACHABLE_CODE = YES;
				CLANG_WARN__DUPLICATE_METHOD_MATCH = YES;
				COPY_PHASE_STRIP = NO;
				DEBUG_INFORMATION_FORMAT = "dwarf-with-dsym";
				ENABLE_NS_ASSERTIONS = NO;
				ENABLE_STRICT_OBJC_MSGSEND = YES;
				ENABLE_USER_SCRIPT_SANDBOXING = YES;
				GCC_C_LANGUAGE_STANDARD = gnu17;
				GCC_NO_COMMON_BLOCKS = YES;
				GCC_WARN_64_TO_32_BIT_CONVERSION = YES;
				GCC_WARN_ABOUT_RETURN_TYPE = YES_ERROR;
				GCC_WARN_UNDECLARED_SELECTOR = YES;
				GCC_WARN_UNINITIALIZED_AUTOS = YES_AGGRESSIVE;
				GCC_WARN_UNUSED_FUNCTION = YES;
				GCC_WARN_UNUSED_VARIABLE = YES;
				IPHONEOS_DEPLOYMENT_TARGET = 17.0;
				MTL_FAST_MATH = YES;
				SDKROOT = iphoneos;
				SWIFT_COMPILATION_MODE = wholemodule;
				VALIDATE_PRODUCT = YES;
			};
			name = Release;
		};
		BA000005 /* Debug */ = {
			isa = XCBuildConfiguration;
			buildSettings = {
				ASSETCATALOG_COMPILER_APPICON_NAME = AppIcon;
				ASSETCATALOG_COMPILER_GLOBAL_ACCENT_COLOR_NAME = AccentColor;
				CODE_SIGN_ENTITLEMENTS = NexusHub/NexusHub.entitlements;
				CODE_SIGN_STYLE = Automatic;
				CURRENT_PROJECT_VERSION = 1;
				DEVELOPMENT_ASSET_PATHS = "";
				ENABLE_PREVIEWS = YES;
				GENERATE_INFOPLIST_FILE = NO;
				INFOPLIST_FILE = NexusHub/Info.plist;
				INFOPLIST_KEY_UIApplicationSceneManifest_Generation = YES;
				INFOPLIST_KEY_UIApplicationSupportsIndirectInputEvents = YES;
				INFOPLIST_KEY_UILaunchScreen_Generation = YES;
				INFOPLIST_KEY_UISupportedInterfaceOrientations_iPhone = UIInterfaceOrientationPortrait;
				LD_RUNPATH_SEARCH_PATHS = (
					"$(inherited)",
					"@executable_path/Frameworks",
				);
				MARKETING_VERSION = 1.0;
				PRODUCT_BUNDLE_IDENTIFIER = com.nexushub.app;
				PRODUCT_NAME = "$(TARGET_NAME)";
				SWIFT_EMIT_LOC_STRINGS = YES;
				SWIFT_VERSION = 5.0;
				TARGETED_DEVICE_FAMILY = 1;
			};
			name = Debug;
		};
		BA000006 /* Release */ = {
			isa = XCBuildConfiguration;
			buildSettings = {
				ASSETCATALOG_COMPILER_APPICON_NAME = AppIcon;
				ASSETCATALOG_COMPILER_GLOBAL_ACCENT_COLOR_NAME = AccentColor;
				CODE_SIGN_ENTITLEMENTS = NexusHub/NexusHub.entitlements;
				CODE_SIGN_STYLE = Automatic;
				CURRENT_PROJECT_VERSION = 1;
				DEVELOPMENT_ASSET_PATHS = "";
				ENABLE_PREVIEWS = YES;
				GENERATE_INFOPLIST_FILE = NO;
				INFOPLIST_FILE = NexusHub/Info.plist;
				INFOPLIST_KEY_UIApplicationSceneManifest_Generation = YES;
				INFOPLIST_KEY_UIApplicationSupportsIndirectInputEvents = YES;
				INFOPLIST_KEY_UILaunchScreen_Generation = YES;
				INFOPLIST_KEY_UISupportedInterfaceOrientations_iPhone = UIInterfaceOrientationPortrait;
				LD_RUNPATH_SEARCH_PATHS = (
					"$(inherited)",
					"@executable_path/Frameworks",
				);
				MARKETING_VERSION = 1.0;
				PRODUCT_BUNDLE_IDENTIFIER = com.nexushub.app;
				PRODUCT_NAME = "$(TARGET_NAME)";
				SWIFT_EMIT_LOC_STRINGS = YES;
				SWIFT_VERSION = 5.0;
				TARGETED_DEVICE_FAMILY = 1;
			};
			name = Release;
		};
/* End XCBuildConfiguration section */

/* Begin XCConfigurationList section */
		BA000001 /* Build configuration list for PBXProject "NexusHub" */ = {
			isa = XCConfigurationList;
			buildConfigurations = (
				BA000003 /* Debug */,
				BA000004 /* Release */,
			);
			defaultConfigurationIsVisible = 0;
			defaultConfigurationName = Release;
		};
		BA000002 /* Build configuration list for PBXNativeTarget "NexusHub" */ = {
			isa = XCConfigurationList;
			buildConfigurations = (
				BA000005 /* Debug */,
				BA000006 /* Release */,
			);
			defaultConfigurationIsVisible = 0;
			defaultConfigurationName = Release;
		};
/* End XCConfigurationList section */

	};
	rootObject = AF000002 /* Project object */;
}
